symfony e316a2f784d107d1b6f493feebad1bc5fa9b4e3a
twig 6e3a1c401608146e5302f7124404b7a0895484e0
twig-extensions 3076c971976e1baaf86e5820c7a1da3f5c1c14eb
monolog 30396e97c1886ccf23caa31e74ddbc47d471e3bd
assetic e15a13fe4782caa6566c7f0c34ae10badaf85361
metadata 97a9d29120d5cfe93550609a93135dbed3f89be3
swiftmailer ee79d966cd5cd318993c729f31daa49a8c37d9f4
doctrine-common daf139c8a28904143c647979fa8c621fdfd97143
doctrine-mongodb 2f2714cc00a2b66dc0d23db4ff63fef73d678fe5
doctrine-mongodb-odm 7e9a10e7a2c528a361534a42e19d56f87bd5e2fd
Buzz 2c6cd26a4dc28248979692df8b296c93cf337f03
elastica 167bdf8678e0eee54d840086a89c25baa608c21e
imagine 9544ec40b628ca3a1ddbe57f79ed02f6bd2b2b8b
pagerfanta 931bebe329c89935d1635ac132d864abdcb23e0f
KnpMenu ef1f54734e490f0e02b43e0158fc4b1dbbccee27
DoctrineMongoDBBundle 43d555227e3a2d6962b68ad717de78b3628cf484
SensioDistributionBundle 64ae64795c794e34d964a67e76f0584444189fc2
SensioFrameworkExtraBundle 02d973b55a35b9578e1a20d4537213b24db687cf
JMSSerializerBundle 4c3ac2642f36ed67a71f856b27601b50a16b5d90
AsseticBundle aec2e66a02c72573694db772b7758c5808e25750
FOSCommentBundle 7667a02699dbfd9d842dd4e3b7c592133bfe5afb
FOSJsRoutingBundle f78033d2669fd894cfaae4bcc5c0b68ba7779e79
FOQElasticaBundle 86bba4bbbb837ac6728f1ddf62955932694d38bf
PagerfantaBundle 0162c3019517e044fc4dcd82b454fc7945feb92f
ImagineBundle 72a6d86bcaa3e498f3cf5e8d42ddf16fb3084d78
KnpMenuBundle ad44889edc68fce494a84f74156e9a8ba2fedf7c