symfony d407be068dc4919ad04bd46a550a2390c7295a67
twig 9d6fcb5b328a67d56d89522548193f7821d4e314
twig-extensions eba4f5d572bec05c72a47bbd73ba0a3330cf8f54
monolog 729c23f3adc7450ed2d8232362637ea0c48bc474
assetic 01766bb4a3a9e8ee4eb19c7fe7c5674744032718
metadata b633dd5cf8997c27e8a4942108aede2a998606a5
swiftmailer dba0f2ce254843914e6d5bbb20fba022f798937a
doctrine-common b2fd909b4b5476df01744c9d34c7a23723a687b6
Buzz bbd80ebd50510217597d4d9a75b57564cb8a7b32
elastica 6dc282ae1a33b3b7e124527c5604cae17b9bd08d
imagine 38c5235694012725c429737a563b1663961e4cb8
pagerfanta 62bc2c0a90480c8b4f0eb4d634e6fce0338282aa
KnpMenu ef1f54734e490f0e02b43e0158fc4b1dbbccee27
SensioDistributionBundle a186b53154bc137a65802ef567e4a2eee2082d21
SensioFrameworkExtraBundle 9b9194a47effc66b08d44ae110b982352119ca17
JMSSerializerBundle 07840cff488b0785c3ccaa608076bbf1ac9d5cdb
AsseticBundle bf731e4169343afaaf2225e6490ef8f738d8a45f
FOSCommentBundle e46e71f823c921d24728268103d37e3766f99b8a
FOSJsRoutingBundle 7a61c9a5f6f2a8c0b4595cbc7520737dca2ca2bf
FOQElasticaBundle 14db48ddbd988ba6099724ec6c3343cb7b5520f1
PagerfantaBundle cad15aec34031e5e7c118c2974106dad5f7b2d68
ImagineBundle 9183e6940149cfdd83776808345743f5ad5140e0
KnpMenuBundle ad44889edc68fce494a84f74156e9a8ba2fedf7c